
Microsoft Visual Studio Solution File, Format Version 12.00
# Visual Studio Version 17
VisualStudioVersion = 17.14.36616.10
MinimumVisualStudioVersion = 10.0.40219.1
Project("{2150E333-8FDC-42A3-9474-1A3956D46DE8}") = "Task0", "Task0", "{36D591C7-65C7-A0D1-1CBC-10CDE441BDC8}"
EndProject
Project("{FAE04EC0-301F-11D3-BF4B-00C04F79EFBC}") = "Tyuiu.EvdokimovKP.Sprint4.Task0.V1", "Tyuiu.EvdokimovKP.Sprint4.Task0.V1\Tyuiu.EvdokimovKP.Sprint4.Task0.V1.csproj", "{B3148950-E414-4BF1-A570-015CA154E8F3}"
EndProject
Project("{FAE04EC0-301F-11D3-BF4B-00C04F79EFBC}") = "Tyuiu.EvdokimovKP.Sprint4.Task0.V1.Lib", "Tyuiu.EvdokimovKP.Sprint4.Task0.V1.Lib\Tyuiu.EvdokimovKP.Sprint4.Task0.V1.Lib.csproj", "{52695B4C-CA40-43DB-8B44-D84D689D6FEE}"
EndProject
Project("{FAE04EC0-301F-11D3-BF4B-00C04F79EFBC}") = "Tyuiu.EvdokimovKP.Sprint4.Task0.V1.Test", "Tyuiu.EvdokimovKP.Sprint4.Task0.V1.Test\Tyuiu.EvdokimovKP.Sprint4.Task0.V1.Test.csproj", "{BD2E774D-797E-4AB9-9A06-609C6B14389D}"
EndProject
Project("{2150E333-8FDC-42A3-9474-1A3956D46DE8}") = "Task1", "Task1", "{44A7B6EA-2750-4290-B1BE-B7CE9CB662B2}"
EndProject
Project("{FAE04EC0-301F-11D3-BF4B-00C04F79EFBC}") = "Tyuiu.EvdokimovKP.Sprint4.Task1.V4", "Tyuiu.EvdokimovKP.Sprint4.Task1.V4\Tyuiu.EvdokimovKP.Sprint4.Task1.V4.csproj", "{831CA54E-8924-4CD6-935A-CB586CACF672}"
EndProject
Project("{FAE04EC0-301F-11D3-BF4B-00C04F79EFBC}") = "Tyuiu.EvdokimovKP.Sprint4.Task1.V4.Lib", "Tyuiu.EvdokimovKP.Sprint4.Task1.V4.Lib\Tyuiu.EvdokimovKP.Sprint4.Task1.V4.Lib.csproj", "{BB55DA05-16D3-4487-9A4B-EDC6D805BD22}"
EndProject
Project("{FAE04EC0-301F-11D3-BF4B-00C04F79EFBC}") = "Tyuiu.EvdokimovKP.Sprint4.Task1.V4.Test", "Tyuiu.EvdokimovKP.Sprint4.Task1.V4.Test\Tyuiu.EvdokimovKP.Sprint4.Task1.V4.Test.csproj", "{0A9B1BEE-73BE-4947-AFA6-F3AC8C397656}"
EndProject
Project("{2150E333-8FDC-42A3-9474-1A3956D46DE8}") = "Task2", "Task2", "{0D130F8D-F107-4590-8427-9C148B5F1B1B}"
EndProject
Project("{FAE04EC0-301F-11D3-BF4B-00C04F79EFBC}") = "Tyuiu.EvdokimovKP.Sprint4.Task2.V24", "Tyuiu.EvdokimovKP.Sprint4.Task2.V24\Tyuiu.EvdokimovKP.Sprint4.Task2.V24.csproj", "{A63645C6-F6A1-4BA1-AFD9-314D2DC83C71}"
EndProject
Project("{FAE04EC0-301F-11D3-BF4B-00C04F79EFBC}") = "Tyuiu.EvdokimovKP.Sprint4.Task2.V24.Lib", "Tyuiu.EvdokimovKP.Sprint4.Task2.V24.Lib\Tyuiu.EvdokimovKP.Sprint4.Task2.V24.Lib.csproj", "{101517D2-052F-4C61-8FF6-931528FC3F82}"
EndProject
Project("{FAE04EC0-301F-11D3-BF4B-00C04F79EFBC}") = "Tyuiu.EvdokimovKP.Sprint4.Task2.V24.Test", "Tyuiu.EvdokimovKP.Sprint4.Task2.V24.Test\Tyuiu.EvdokimovKP.Sprint4.Task2.V24.Test.csproj", "{B854CACA-3FAD-4415-A2C5-AB421BDF3FEB}"
EndProject
Project("{2150E333-8FDC-42A3-9474-1A3956D46DE8}") = "Task3", "Task3", "{40161E21-8403-47EA-B9D0-4A1C330B5F89}"
EndProject
Project("{FAE04EC0-301F-11D3-BF4B-00C04F79EFBC}") = "Tyuiu.EvdokimovKP.Sprint4.Task3.V24", "Tyuiu.EvdokimovKP.Sprint4.Task3.V24\Tyuiu.EvdokimovKP.Sprint4.Task3.V24.csproj", "{1F5D52F0-2BFC-4EEF-8768-A2170C9A0C9F}"
EndProject
Project("{FAE04EC0-301F-11D3-BF4B-00C04F79EFBC}") = "Tyuiu.EvdokimovKP.Sprint4.Task3.V24.Lib", "Tyuiu.EvdokimovKP.Sprint4.Task3.V24.Lib\Tyuiu.EvdokimovKP.Sprint4.Task3.V24.Lib.csproj", "{937CD56A-9DAA-4583-8823-1FFEBFBAF731}"
EndProject
Project("{FAE04EC0-301F-11D3-BF4B-00C04F79EFBC}") = "Tyuiu.EvdokimovKP.Sprint4.Task3.V24.Test", "Tyuiu.EvdokimovKP.Sprint4.Task3.V24.Test\Tyuiu.EvdokimovKP.Sprint4.Task3.V24.Test.csproj", "{01383B9B-66B0-47CE-BD7C-0C7537C5CDC4}"
EndProject
Project("{2150E333-8FDC-42A3-9474-1A3956D46DE8}") = "Task4", "Task4", "{05D38EF6-C71F-47CA-B330-EDAFD2BDA8B0}"
EndProject
Project("{FAE04EC0-301F-11D3-BF4B-00C04F79EFBC}") = "Tyuiu.EvdokimovKP.Sprint4.Task4.V23", "Tyuiu.EvdokimovKP.Sprint4.Task4.V23\Tyuiu.EvdokimovKP.Sprint4.Task4.V23.csproj", "{65BD1460-0E42-4472-8663-64D081671EBF}"
EndProject
Project("{FAE04EC0-301F-11D3-BF4B-00C04F79EFBC}") = "Tyuiu.EvdokimovKP.Sprint4.Task4.V23.Lib", "Tyuiu.EvdokimovKP.Sprint4.Task4.V23.Lib\Tyuiu.EvdokimovKP.Sprint4.Task4.V23.Lib.csproj", "{00491FD1-6753-42A6-B29B-918D256A1AEA}"
EndProject
Project("{FAE04EC0-301F-11D3-BF4B-00C04F79EFBC}") = "Tyuiu.EvdokimovKP.Sprint4.Task4.V23.Test", "Tyuiu.EvdokimovKP.Sprint4.Task4.V23.Test\Tyuiu.EvdokimovKP.Sprint4.Task4.V23.Test.csproj", "{2415C81D-E452-4F09-A1BA-019127FFC1D2}"
EndProject
Global
	GlobalSection(SolutionConfigurationPlatforms) = preSolution
		Debug|Any CPU = Debug|Any CPU
		Release|Any CPU = Release|Any CPU
	EndGlobalSection
	GlobalSection(ProjectConfigurationPlatforms) = postSolution
		{B3148950-E414-4BF1-A570-015CA154E8F3}.Debug|Any CPU.ActiveCfg = Debug|Any CPU
		{B3148950-E414-4BF1-A570-015CA154E8F3}.Debug|Any CPU.Build.0 = Debug|Any CPU
		{B3148950-E414-4BF1-A570-015CA154E8F3}.Release|Any CPU.ActiveCfg = Release|Any CPU
		{B3148950-E414-4BF1-A570-015CA154E8F3}.Release|Any CPU.Build.0 = Release|Any CPU
		{52695B4C-CA40-43DB-8B44-D84D689D6FEE}.Debug|Any CPU.ActiveCfg = Debug|Any CPU
		{52695B4C-CA40-43DB-8B44-D84D689D6FEE}.Debug|Any CPU.Build.0 = Debug|Any CPU
		{52695B4C-CA40-43DB-8B44-D84D689D6FEE}.Release|Any CPU.ActiveCfg = Release|Any CPU
		{52695B4C-CA40-43DB-8B44-D84D689D6FEE}.Release|Any CPU.Build.0 = Release|Any CPU
		{BD2E774D-797E-4AB9-9A06-609C6B14389D}.Debug|Any CPU.ActiveCfg = Debug|Any CPU
		{BD2E774D-797E-4AB9-9A06-609C6B14389D}.Debug|Any CPU.Build.0 = Debug|Any CPU
		{BD2E774D-797E-4AB9-9A06-609C6B14389D}.Release|Any CPU.ActiveCfg = Release|Any CPU
		{BD2E774D-797E-4AB9-9A06-609C6B14389D}.Release|Any CPU.Build.0 = Release|Any CPU
		{831CA54E-8924-4CD6-935A-CB586CACF672}.Debug|Any CPU.ActiveCfg = Debug|Any CPU
		{831CA54E-8924-4CD6-935A-CB586CACF672}.Debug|Any CPU.Build.0 = Debug|Any CPU
		{831CA54E-8924-4CD6-935A-CB586CACF672}.Release|Any CPU.ActiveCfg = Release|Any CPU
		{831CA54E-8924-4CD6-935A-CB586CACF672}.Release|Any CPU.Build.0 = Release|Any CPU
		{BB55DA05-16D3-4487-9A4B-EDC6D805BD22}.Debug|Any CPU.ActiveCfg = Debug|Any CPU
		{BB55DA05-16D3-4487-9A4B-EDC6D805BD22}.Debug|Any CPU.Build.0 = Debug|Any CPU
		{BB55DA05-16D3-4487-9A4B-EDC6D805BD22}.Release|Any CPU.ActiveCfg = Release|Any CPU
		{BB55DA05-16D3-4487-9A4B-EDC6D805BD22}.Release|Any CPU.Build.0 = Release|Any CPU
		{0A9B1BEE-73BE-4947-AFA6-F3AC8C397656}.Debug|Any CPU.ActiveCfg = Debug|Any CPU
		{0A9B1BEE-73BE-4947-AFA6-F3AC8C397656}.Debug|Any CPU.Build.0 = Debug|Any CPU
		{0A9B1BEE-73BE-4947-AFA6-F3AC8C397656}.Release|Any CPU.ActiveCfg = Release|Any CPU
		{0A9B1BEE-73BE-4947-AFA6-F3AC8C397656}.Release|Any CPU.Build.0 = Release|Any CPU
		{A63645C6-F6A1-4BA1-AFD9-314D2DC83C71}.Debug|Any CPU.ActiveCfg = Debug|Any CPU
		{A63645C6-F6A1-4BA1-AFD9-314D2DC83C71}.Debug|Any CPU.Build.0 = Debug|Any CPU
		{A63645C6-F6A1-4BA1-AFD9-314D2DC83C71}.Release|Any CPU.ActiveCfg = Release|Any CPU
		{A63645C6-F6A1-4BA1-AFD9-314D2DC83C71}.Release|Any CPU.Build.0 = Release|Any CPU
		{101517D2-052F-4C61-8FF6-931528FC3F82}.Debug|Any CPU.ActiveCfg = Debug|Any CPU
		{101517D2-052F-4C61-8FF6-931528FC3F82}.Debug|Any CPU.Build.0 = Debug|Any CPU
		{101517D2-052F-4C61-8FF6-931528FC3F82}.Release|Any CPU.ActiveCfg = Release|Any CPU
		{101517D2-052F-4C61-8FF6-931528FC3F82}.Release|Any CPU.Build.0 = Release|Any CPU
		{B854CACA-3FAD-4415-A2C5-AB421BDF3FEB}.Debug|Any CPU.ActiveCfg = Debug|Any CPU
		{B854CACA-3FAD-4415-A2C5-AB421BDF3FEB}.Debug|Any CPU.Build.0 = Debug|Any CPU
		{B854CACA-3FAD-4415-A2C5-AB421BDF3FEB}.Release|Any CPU.ActiveCfg = Release|Any CPU
		{B854CACA-3FAD-4415-A2C5-AB421BDF3FEB}.Release|Any CPU.Build.0 = Release|Any CPU
		{1F5D52F0-2BFC-4EEF-8768-A2170C9A0C9F}.Debug|Any CPU.ActiveCfg = Debug|Any CPU
		{1F5D52F0-2BFC-4EEF-8768-A2170C9A0C9F}.Debug|Any CPU.Build.0 = Debug|Any CPU
		{1F5D52F0-2BFC-4EEF-8768-A2170C9A0C9F}.Release|Any CPU.ActiveCfg = Release|Any CPU
		{1F5D52F0-2BFC-4EEF-8768-A2170C9A0C9F}.Release|Any CPU.Build.0 = Release|Any CPU
		{937CD56A-9DAA-4583-8823-1FFEBFBAF731}.Debug|Any CPU.ActiveCfg = Debug|Any CPU
		{937CD56A-9DAA-4583-8823-1FFEBFBAF731}.Debug|Any CPU.Build.0 = Debug|Any CPU
		{937CD56A-9DAA-4583-8823-1FFEBFBAF731}.Release|Any CPU.ActiveCfg = Release|Any CPU
		{937CD56A-9DAA-4583-8823-1FFEBFBAF731}.Release|Any CPU.Build.0 = Release|Any CPU
		{01383B9B-66B0-47CE-BD7C-0C7537C5CDC4}.Debug|Any CPU.ActiveCfg = Debug|Any CPU
		{01383B9B-66B0-47CE-BD7C-0C7537C5CDC4}.Debug|Any CPU.Build.0 = Debug|Any CPU
		{01383B9B-66B0-47CE-BD7C-0C7537C5CDC4}.Release|Any CPU.ActiveCfg = Release|Any CPU
		{01383B9B-66B0-47CE-BD7C-0C7537C5CDC4}.Release|Any CPU.Build.0 = Release|Any CPU
		{65BD1460-0E42-4472-8663-64D081671EBF}.Debug|Any CPU.ActiveCfg = Debug|Any CPU
		{65BD1460-0E42-4472-8663-64D081671EBF}.Debug|Any CPU.Build.0 = Debug|Any CPU
		{65BD1460-0E42-4472-8663-64D081671EBF}.Release|Any CPU.ActiveCfg = Release|Any CPU
		{65BD1460-0E42-4472-8663-64D081671EBF}.Release|Any CPU.Build.0 = Release|Any CPU
		{00491FD1-6753-42A6-B29B-918D256A1AEA}.Debug|Any CPU.ActiveCfg = Debug|Any CPU
		{00491FD1-6753-42A6-B29B-918D256A1AEA}.Debug|Any CPU.Build.0 = Debug|Any CPU
		{00491FD1-6753-42A6-B29B-918D256A1AEA}.Release|Any CPU.ActiveCfg = Release|Any CPU
		{00491FD1-6753-42A6-B29B-918D256A1AEA}.Release|Any CPU.Build.0 = Release|Any CPU
		{2415C81D-E452-4F09-A1BA-019127FFC1D2}.Debug|Any CPU.ActiveCfg = Debug|Any CPU
		{2415C81D-E452-4F09-A1BA-019127FFC1D2}.Debug|Any CPU.Build.0 = Debug|Any CPU
		{2415C81D-E452-4F09-A1BA-019127FFC1D2}.Release|Any CPU.ActiveCfg = Release|Any CPU
		{2415C81D-E452-4F09-A1BA-019127FFC1D2}.Release|Any CPU.Build.0 = Release|Any CPU
	EndGlobalSection
	GlobalSection(SolutionProperties) = preSolution
		HideSolutionNode = FALSE
	EndGlobalSection
	GlobalSection(NestedProjects) = preSolution
		{B3148950-E414-4BF1-A570-015CA154E8F3} = {36D591C7-65C7-A0D1-1CBC-10CDE441BDC8}
		{52695B4C-CA40-43DB-8B44-D84D689D6FEE} = {36D591C7-65C7-A0D1-1CBC-10CDE441BDC8}
		{BD2E774D-797E-4AB9-9A06-609C6B14389D} = {36D591C7-65C7-A0D1-1CBC-10CDE441BDC8}
		{831CA54E-8924-4CD6-935A-CB586CACF672} = {44A7B6EA-2750-4290-B1BE-B7CE9CB662B2}
		{BB55DA05-16D3-4487-9A4B-EDC6D805BD22} = {44A7B6EA-2750-4290-B1BE-B7CE9CB662B2}
		{0A9B1BEE-73BE-4947-AFA6-F3AC8C397656} = {44A7B6EA-2750-4290-B1BE-B7CE9CB662B2}
		{A63645C6-F6A1-4BA1-AFD9-314D2DC83C71} = {0D130F8D-F107-4590-8427-9C148B5F1B1B}
		{101517D2-052F-4C61-8FF6-931528FC3F82} = {0D130F8D-F107-4590-8427-9C148B5F1B1B}
		{B854CACA-3FAD-4415-A2C5-AB421BDF3FEB} = {0D130F8D-F107-4590-8427-9C148B5F1B1B}
		{1F5D52F0-2BFC-4EEF-8768-A2170C9A0C9F} = {40161E21-8403-47EA-B9D0-4A1C330B5F89}
		{937CD56A-9DAA-4583-8823-1FFEBFBAF731} = {40161E21-8403-47EA-B9D0-4A1C330B5F89}
		{01383B9B-66B0-47CE-BD7C-0C7537C5CDC4} = {40161E21-8403-47EA-B9D0-4A1C330B5F89}
		{65BD1460-0E42-4472-8663-64D081671EBF} = {05D38EF6-C71F-47CA-B330-EDAFD2BDA8B0}
		{00491FD1-6753-42A6-B29B-918D256A1AEA} = {05D38EF6-C71F-47CA-B330-EDAFD2BDA8B0}
		{2415C81D-E452-4F09-A1BA-019127FFC1D2} = {05D38EF6-C71F-47CA-B330-EDAFD2BDA8B0}
	EndGlobalSection
	GlobalSection(ExtensibilityGlobals) = postSolution
		SolutionGuid = {61AA18B9-2849-4710-9D0A-4993EBFC5B0F}
	EndGlobalSection
EndGlobal
